PODS:
  - Keychainer (0.1.0)
  - Nimble (11.2.1)
  - Quick (6.1.0)

DEPENDENCIES:
  - Keychainer (from `../`)
  - Nimble (~> 11.2.1)
  - Quick (~> 6.1.0)

SPEC REPOS:
  trunk:
    - Nimble
    - Quick

EXTERNAL SOURCES:
  Keychainer:
    :path: "../"

SPEC CHECKSUMS:
  Keychainer: 9af46b4cfa17fd9e8e6a6fd307a2993d22ae5c54
  Nimble: 516ac503a0fafaa8e41dbb4a70a61be421fa893a
  Quick: 6676ffb409bf04abba2ff23902af2407bfc6ac90

PODFILE CHECKSUM: 6417fa9d71631c07696d071edf248e48313c5a2c

COCOAPODS: 1.11.3
